
Microsoft Visual Studio Solution File, Format Version 12.00
# Visual Studio 15
VisualStudioVersion = 15.0.28307.1300
MinimumVisualStudioVersion = 10.0.40219.1
Project("{FAE04EC0-301F-11D3-BF4B-00C04F79EFBC}") = "Day6", "Day6\Day6.csproj", "{F6316F57-86F7-4CAA-A546-F036FC0B786C}"
EndProject
Global
	GlobalSection(SolutionConfigurationPlatforms) = preSolution
		Debug|Any CPU = Debug|Any CPU
		Release|Any CPU = Release|Any CPU
	EndGlobalSection
	GlobalSection(ProjectConfigurationPlatforms) = postSolution
		{F6316F57-86F7-4CAA-A546-F036FC0B786C}.Debug|Any CPU.ActiveCfg = Debug|Any CPU
		{F6316F57-86F7-4CAA-A546-F036FC0B786C}.Debug|Any CPU.Build.0 = Debug|Any CPU
		{F6316F57-86F7-4CAA-A546-F036FC0B786C}.Release|Any CPU.ActiveCfg = Release|Any CPU
		{F6316F57-86F7-4CAA-A546-F036FC0B786C}.Release|Any CPU.Build.0 = Release|Any CPU
	EndGlobalSection
	GlobalSection(SolutionProperties) = preSolution
		HideSolutionNode = FALSE
	EndGlobalSection
	GlobalSection(ExtensibilityGlobals) = postSolution
		SolutionGuid = {CD22FFF6-DF8C-4D05-8AF6-B7CED4208F60}
	EndGlobalSection
EndGlobal
