
Microsoft Visual Studio Solution File, Format Version 12.00
# Visual Studio 15
VisualStudioVersion = 15.0.28307.1300
MinimumVisualStudioVersion = 10.0.40219.1
Project("{FAE04EC0-301F-11D3-BF4B-00C04F79EFBC}") = "Day20", "Day20\Day20.csproj", "{146EC4CB-7933-4500-BE35-22652648E7E2}"
EndProject
Global
	GlobalSection(SolutionConfigurationPlatforms) = preSolution
		Debug|Any CPU = Debug|Any CPU
		Release|Any CPU = Release|Any CPU
	EndGlobalSection
	GlobalSection(ProjectConfigurationPlatforms) = postSolution
		{146EC4CB-7933-4500-BE35-22652648E7E2}.Debug|Any CPU.ActiveCfg = Debug|Any CPU
		{146EC4CB-7933-4500-BE35-22652648E7E2}.Debug|Any CPU.Build.0 = Debug|Any CPU
		{146EC4CB-7933-4500-BE35-22652648E7E2}.Release|Any CPU.ActiveCfg = Release|Any CPU
		{146EC4CB-7933-4500-BE35-22652648E7E2}.Release|Any CPU.Build.0 = Release|Any CPU
	EndGlobalSection
	GlobalSection(SolutionProperties) = preSolution
		HideSolutionNode = FALSE
	EndGlobalSection
	GlobalSection(ExtensibilityGlobals) = postSolution
		SolutionGuid = {13CAD46F-7D69-48C9-929B-57B9D3AB5CBD}
	EndGlobalSection
EndGlobal
