
Microsoft Visual Studio Solution File, Format Version 12.00
# Visual Studio 15
VisualStudioVersion = 15.0.28307.1300
MinimumVisualStudioVersion = 10.0.40219.1
Project("{FAE04EC0-301F-11D3-BF4B-00C04F79EFBC}") = "Day18", "Day18\Day18.csproj", "{788B4B2E-9BA0-40C6-B532-685C46208C84}"
EndProject
Global
	GlobalSection(SolutionConfigurationPlatforms) = preSolution
		Debug|Any CPU = Debug|Any CPU
		Release|Any CPU = Release|Any CPU
	EndGlobalSection
	GlobalSection(ProjectConfigurationPlatforms) = postSolution
		{788B4B2E-9BA0-40C6-B532-685C46208C84}.Debug|Any CPU.ActiveCfg = Debug|Any CPU
		{788B4B2E-9BA0-40C6-B532-685C46208C84}.Debug|Any CPU.Build.0 = Debug|Any CPU
		{788B4B2E-9BA0-40C6-B532-685C46208C84}.Release|Any CPU.ActiveCfg = Release|Any CPU
		{788B4B2E-9BA0-40C6-B532-685C46208C84}.Release|Any CPU.Build.0 = Release|Any CPU
	EndGlobalSection
	GlobalSection(SolutionProperties) = preSolution
		HideSolutionNode = FALSE
	EndGlobalSection
	GlobalSection(ExtensibilityGlobals) = postSolution
		SolutionGuid = {B4B1A8A7-F812-496F-A590-A342E817AEB2}
	EndGlobalSection
EndGlobal
