
Microsoft Visual Studio Solution File, Format Version 12.00
# Visual Studio 15
VisualStudioVersion = 15.0.28307.1300
MinimumVisualStudioVersion = 10.0.40219.1
Project("{FAE04EC0-301F-11D3-BF4B-00C04F79EFBC}") = "Day3", "Day3\Day3.csproj", "{5A78D5B0-C98D-4A1E-90C8-1C906D001ECB}"
EndProject
Global
	GlobalSection(SolutionConfigurationPlatforms) = preSolution
		Debug|Any CPU = Debug|Any CPU
		Release|Any CPU = Release|Any CPU
	EndGlobalSection
	GlobalSection(ProjectConfigurationPlatforms) = postSolution
		{5A78D5B0-C98D-4A1E-90C8-1C906D001ECB}.Debug|Any CPU.ActiveCfg = Debug|Any CPU
		{5A78D5B0-C98D-4A1E-90C8-1C906D001ECB}.Debug|Any CPU.Build.0 = Debug|Any CPU
		{5A78D5B0-C98D-4A1E-90C8-1C906D001ECB}.Release|Any CPU.ActiveCfg = Release|Any CPU
		{5A78D5B0-C98D-4A1E-90C8-1C906D001ECB}.Release|Any CPU.Build.0 = Release|Any CPU
	EndGlobalSection
	GlobalSection(SolutionProperties) = preSolution
		HideSolutionNode = FALSE
	EndGlobalSection
	GlobalSection(ExtensibilityGlobals) = postSolution
		SolutionGuid = {E5A16C20-3394-4D41-AECC-16ACB2CB3E0C}
	EndGlobalSection
EndGlobal
