
Microsoft Visual Studio Solution File, Format Version 12.00
# Visual Studio 15
VisualStudioVersion = 15.0.28307.1300
MinimumVisualStudioVersion = 10.0.40219.1
Project("{FAE04EC0-301F-11D3-BF4B-00C04F79EFBC}") = "Day14", "Day14\Day14.csproj", "{78C7F91B-E9F4-40A1-B0F7-5ED3D2799CBD}"
EndProject
Global
	GlobalSection(SolutionConfigurationPlatforms) = preSolution
		Debug|Any CPU = Debug|Any CPU
		Release|Any CPU = Release|Any CPU
	EndGlobalSection
	GlobalSection(ProjectConfigurationPlatforms) = postSolution
		{78C7F91B-E9F4-40A1-B0F7-5ED3D2799CBD}.Debug|Any CPU.ActiveCfg = Debug|Any CPU
		{78C7F91B-E9F4-40A1-B0F7-5ED3D2799CBD}.Debug|Any CPU.Build.0 = Debug|Any CPU
		{78C7F91B-E9F4-40A1-B0F7-5ED3D2799CBD}.Release|Any CPU.ActiveCfg = Release|Any CPU
		{78C7F91B-E9F4-40A1-B0F7-5ED3D2799CBD}.Release|Any CPU.Build.0 = Release|Any CPU
	EndGlobalSection
	GlobalSection(SolutionProperties) = preSolution
		HideSolutionNode = FALSE
	EndGlobalSection
	GlobalSection(ExtensibilityGlobals) = postSolution
		SolutionGuid = {AAF7204D-6551-4607-BE89-4430EFCF6FE7}
	EndGlobalSection
EndGlobal
