
Microsoft Visual Studio Solution File, Format Version 12.00
# Visual Studio 15
VisualStudioVersion = 15.0.28307.1300
MinimumVisualStudioVersion = 10.0.40219.1
Project("{FAE04EC0-301F-11D3-BF4B-00C04F79EFBC}") = "Day13", "Day13\Day13.csproj", "{FC03DBD1-DD50-445D-B81D-9D3A7EC80CF0}"
EndProject
Global
	GlobalSection(SolutionConfigurationPlatforms) = preSolution
		Debug|Any CPU = Debug|Any CPU
		Release|Any CPU = Release|Any CPU
	EndGlobalSection
	GlobalSection(ProjectConfigurationPlatforms) = postSolution
		{FC03DBD1-DD50-445D-B81D-9D3A7EC80CF0}.Debug|Any CPU.ActiveCfg = Debug|Any CPU
		{FC03DBD1-DD50-445D-B81D-9D3A7EC80CF0}.Debug|Any CPU.Build.0 = Debug|Any CPU
		{FC03DBD1-DD50-445D-B81D-9D3A7EC80CF0}.Release|Any CPU.ActiveCfg = Release|Any CPU
		{FC03DBD1-DD50-445D-B81D-9D3A7EC80CF0}.Release|Any CPU.Build.0 = Release|Any CPU
	EndGlobalSection
	GlobalSection(SolutionProperties) = preSolution
		HideSolutionNode = FALSE
	EndGlobalSection
	GlobalSection(ExtensibilityGlobals) = postSolution
		SolutionGuid = {E20BCBCB-9ECE-454D-893B-E16D3AD6BB86}
	EndGlobalSection
EndGlobal
